{
  "version": 4,
  "terraform_version": "1.11.4",
  "serial": 3,
  "lineage": "2dfcda60-81a4-460b-c924-5bc542eb0eec",
  "outputs": {
    "gcp-cluster-name": {
      "value": "jimenamr-cluster",
      "type": "string"
    },
    "kubernetes_endpoint": {
      "value": "34.9.69.84",
      "type": "string"
    }
  },
  "resources": [
    {
      "mode": "managed",
      "type": "google_container_cluster",
      "name": "primary",
      "provider": "provider[\"registry.terraform.io/hashicorp/google\"]",
      "instances": [
        {
          "schema_version": 2,
          "attributes": {
            "addons_config": [
              {
                "cloudrun_config": [],
                "config_connector_config": [],
                "dns_cache_config": [],
                "gce_persistent_disk_csi_driver_config": [
                  {
                    "enabled": true
                  }
                ],
                "gcp_filestore_csi_driver_config": [],
                "gcs_fuse_csi_driver_config": [],
                "gke_backup_agent_config": [],
                "horizontal_pod_autoscaling": [],
                "http_load_balancing": [],
                "network_policy_config": [
                  {
                    "disabled": true
                  }
                ],
                "ray_operator_config": [],
                "stateful_ha_config": []
              }
            ],
            "allow_net_admin": null,
            "authenticator_groups_config": [],
            "binary_authorization": [
              {
                "enabled": false,
                "evaluation_mode": ""
              }
            ],
            "cluster_autoscaling": [
              {
                "auto_provisioning_defaults": [],
                "auto_provisioning_locations": [],
                "autoscaling_profile": "BALANCED",
                "enabled": false,
                "resource_limits": []
              }
            ],
            "cluster_ipv4_cidr": "10.104.0.0/14",
            "confidential_nodes": [],
            "cost_management_config": [],
            "database_encryption": [
              {
                "key_name": "",
                "state": "DECRYPTED"
              }
            ],
            "datapath_provider": "",
            "default_max_pods_per_node": 110,
            "default_snat_status": [
              {
                "disabled": false
              }
            ],
            "deletion_protection": false,
            "description": "",
            "dns_config": [],
            "effective_labels": {
              "goog-terraform-provisioned": "true"
            },
            "enable_autopilot": false,
            "enable_cilium_clusterwide_network_policy": false,
            "enable_intranode_visibility": false,
            "enable_k8s_beta_apis": [],
            "enable_kubernetes_alpha": false,
            "enable_l4_ilb_subsetting": false,
            "enable_legacy_abac": false,
            "enable_multi_networking": false,
            "enable_shielded_nodes": true,
            "enable_tpu": false,
            "endpoint": "34.9.69.84",
            "fleet": [],
            "gateway_api_config": [],
            "id": "projects/bright-benefit-457321-n8/locations/us-central1-c/clusters/jimenamr-cluster",
            "identity_service_config": [],
            "initial_node_count": 1,
            "ip_allocation_policy": [
              {
                "additional_pod_ranges_config": [],
                "cluster_ipv4_cidr_block": "10.104.0.0/14",
                "cluster_secondary_range_name": "gke-jimenamr-cluster-pods-9c86b9ca",
                "pod_cidr_overprovision_config": [
                  {
                    "disabled": false
                  }
                ],
                "services_ipv4_cidr_block": "34.118.224.0/20",
                "services_secondary_range_name": "",
                "stack_type": "IPV4"
              }
            ],
            "label_fingerprint": "78cdf2f6",
            "location": "us-central1-c",
            "logging_config": [
              {
                "enable_components": [
                  "SYSTEM_COMPONENTS",
                  "WORKLOADS"
                ]
              }
            ],
            "logging_service": "logging.googleapis.com/kubernetes",
            "maintenance_policy": [],
            "master_auth": [
              {
                "client_certificate": "",
                "client_certificate_config": [
                  {
                    "issue_client_certificate": false
                  }
                ],
                "client_key": "",
                "cluster_ca_certificate": "LS0tLS1CRUdJTiBDRVJUSUZJQ0FURS0tLS0tCk1JSUVMRENDQXBTZ0F3SUJBZ0lRR1o5dTF2MjgvbXNKWHJ1ZDFHb2pnekFOQmdrcWhraUc5dzBCQVFzRkFEQXYKTVMwd0t3WURWUVFERXlSaVlURXlOamt4WmkweE5tVTNMVFF3TVRZdFlUQmpOaTFqWTJJMVpEQXlZVFpoWldJdwpJQmNOTWpVd05UQTFNRFV4TXpVNFdoZ1BNakExTlRBME1qZ3dOakV6TlRoYU1DOHhMVEFyQmdOVkJBTVRKR0poCk1USTJPVEZtTFRFMlpUY3ROREF4TmkxaE1HTTJMV05qWWpWa01ESmhObUZsWWpDQ0FhSXdEUVlKS29aSWh2Y04KQVFFQkJRQURnZ0dQQURDQ0FZb0NnZ0dCQUpkTUZEZmVrQlhoZ05PTUFiWDdMQkVJWTNPS3NWMFFtOVM3aXpyWgp4bUtXeDZIUmpGQlNqOUZVT09FTmd2dlNPY004WGk3Tko3dDEyenIyN3RMV1ZHaWhxWXpxOVRWc1ZHL1J0VVJwCkxCWnE5RGF0clphMGdiMzR3WkRwNlJsei9xMEp0Q1A3TUhwY0NlQ1YxSnlpUzJnVXc3dlZhRW14cVZlUit0QXQKWkk5cGEvMm93SklGeHlhL2JjcEFxUUYrZEkwOWRQdER4Z1BtQXJZQ2NQRjl3eEhqbmFWVUl0WEhrK1U3SmhGMApiUllOWDhGYUxsc0J2cVNzK2Mrb3hvM1hXN0NmSThxWUI4ZVdBZkJaL0tLTFpFYTFPMkEvazI0RjR4c3Z5VGJvClU3UjhQRi9JV0g5S1FZM2ppeksxMU1KVm1SSk1rU01XaDZNWVh0NjlYczdJK0EyZHlPcXpTRFhqVC9laW1FVlEKQy91UWxDVFU1dnNxaEc1ay9MazNOc1dLODBNSytzVnU5blhLYXZoalFYMGtyYWEzRm1QYWVtTnZQLzRyaVZYOApwZmFvaEI3ZDc4aXVqaURhcmI5WW5kQ0k0UGZwTm5DcGFFdWVLRHlOWitMbkJ4MHRlbkdndVFjMWNhRlBvSCtUCkNQN1pPZzlpV0ptajNWQUQ0ODBKcHNYRktRSURBUUFCbzBJd1FEQU9CZ05WSFE4QkFmOEVCQU1DQWdRd0R3WUQKVlIwVEFRSC9CQVV3QXdFQi96QWRCZ05WSFE0RUZnUVUybm13OU8xbFhXVmpQRDNKQm9zcFVSUllmaEl3RFFZSgpLb1pJaHZjTkFRRUxCUUFEZ2dHQkFHZHNvQnZBSWlINUJDVzJkVU84NEMxblZjdWRoSnh5UnhmZkVlS09nZGxPCmUyOTM3NnRiR1RRU0tFak44VmZUSitIT3JXSExZRVZiZVN3bjQreER1LzlNRm5HR09lc2VwWFdyWVhJUmV6UEkKRXlXVU0rdG9pNElKdHZJNnY0U1AySytPRFZ5b29vTGtMTERJWFdhWTc4MTRTY1p3TC91NzJFRXZDSzBqemIxWQpwNnhGQTUvdHVzNjkyUXVVeFJPcHRyd08zM0xkOEY2MW1SNUF6U0J5Q21HdFVCZit1NjFQd3B3K2xYM01FYlBxCkh5RkprVVAzWjZqbHhBVlE2czhTS0FVUnpjcHUveGM5ZStydkVSa0hGZnlpR091R1lsS1crSGZKaXpKaEc2ODgKTjBGdU50UWcrQm9yMnVDVFZyMWY0K3NCVGZKaVY4bk1LZjJWSncrVFE2elZxWnJCMWM4RTJoS1lNKzhaVEc4NQpvRitLc0phQU9PYXVMcjMxalJvMDNZN1dkODJheXhCa3dESmppaGNGZXpGckVvaTdKam56T1habEh4K010dnlwCkg4aEt3STVDQW1wMjhiV3YrZVE1cGx0K0lLTkcrMDlNenB5THpZWDFuckNyUWZ4Vi9Lc0RibldDVmtueE1oT2QKb3NGS0toTUxIbno4cVlOY0MxRStNUT09Ci0tLS0tRU5EIENFUlRJRklDQVRFLS0tLS0K"
              }
            ],
            "master_authorized_networks_config": [],
            "master_version": "1.32.2-gke.1182003",
            "mesh_certificates": [],
            "min_master_version": null,
            "monitoring_config": [
              {
                "advanced_datapath_observability_config": [
                  {
                    "enable_metrics": false,
                    "enable_relay": false
                  }
                ],
                "enable_components": [
                  "SYSTEM_COMPONENTS",
                  "STORAGE",
                  "HPA",
                  "POD",
                  "DAEMONSET",
                  "DEPLOYMENT",
                  "STATEFULSET",
                  "JOBSET",
                  "CADVISOR",
                  "KUBELET",
                  "DCGM"
                ],
                "managed_prometheus": [
                  {
                    "enabled": true
                  }
                ]
              }
            ],
            "monitoring_service": "monitoring.googleapis.com/kubernetes",
            "name": "jimenamr-cluster",
            "network": "projects/bright-benefit-457321-n8/global/networks/default",
            "network_policy": [
              {
                "enabled": false,
                "provider": "PROVIDER_UNSPECIFIED"
              }
            ],
            "networking_mode": "VPC_NATIVE",
            "node_config": [],
            "node_locations": [],
            "node_pool": [],
            "node_pool_auto_config": [
              {
                "network_tags": [],
                "node_kubelet_config": [
                  {
                    "insecure_kubelet_readonly_port_enabled": "FALSE"
                  }
                ],
                "resource_manager_tags": {}
              }
            ],
            "node_pool_defaults": [
              {
                "node_config_defaults": [
                  {
                    "containerd_config": [],
                    "gcfs_config": [],
                    "insecure_kubelet_readonly_port_enabled": "FALSE",
                    "logging_variant": "DEFAULT"
                  }
                ]
              }
            ],
            "node_version": "1.32.2-gke.1182003",
            "notification_config": [
              {
                "pubsub": [
                  {
                    "enabled": false,
                    "filter": [],
                    "topic": ""
                  }
                ]
              }
            ],
            "operation": null,
            "private_cluster_config": [
              {
                "enable_private_endpoint": false,
                "enable_private_nodes": false,
                "master_global_access_config": [
                  {
                    "enabled": false
                  }
                ],
                "master_ipv4_cidr_block": "",
                "peering_name": "",
                "private_endpoint": "10.128.0.16",
                "private_endpoint_subnetwork": "",
                "public_endpoint": "34.9.69.84"
              }
            ],
            "private_ipv6_google_access": "",
            "project": "bright-benefit-457321-n8",
            "release_channel": [
              {
                "channel": "REGULAR"
              }
            ],
            "remove_default_node_pool": true,
            "resource_labels": null,
            "resource_usage_export_config": [],
            "secret_manager_config": [
              {
                "enabled": false
              }
            ],
            "security_posture_config": [
              {
                "mode": "BASIC",
                "vulnerability_mode": "VULNERABILITY_MODE_UNSPECIFIED"
              }
            ],
            "self_link": "https://container.googleapis.com/v1/projects/bright-benefit-457321-n8/zones/us-central1-c/clusters/jimenamr-cluster",
            "service_external_ips_config": [
              {
                "enabled": false
              }
            ],
            "services_ipv4_cidr": "34.118.224.0/20",
            "subnetwork": "projects/bright-benefit-457321-n8/regions/us-central1/subnetworks/default",
            "terraform_labels": {
              "goog-terraform-provisioned": "true"
            },
            "timeouts": null,
            "tpu_ipv4_cidr_block": "",
            "vertical_pod_autoscaling": [],
            "workload_identity_config": []
          },
          "sensitive_attributes": [
            [
              {
                "type": "get_attr",
                "value": "master_auth"
              },
              {
                "type": "index",
                "value": {
                  "value": 0,
                  "type": "number"
                }
              },
              {
                "type": "get_attr",
                "value": "client_key"
              }
            ]
          ],
          "private": "eyJlMmJmYjczMC1lY2FhLTExZTYtOGY4OC0zNDM2M2JjN2M0YzAiOnsiY3JlYXRlIjoyNDAwMDAwMDAwMDAwLCJkZWxldGUiOjI0MDAwMDAwMDAwMDAsInJlYWQiOjI0MDAwMDAwMDAwMDAsInVwZGF0ZSI6MzYwMDAwMDAwMDAwMH0sInNjaGVtYV92ZXJzaW9uIjoiMiJ9"
        }
      ]
    },
    {
      "mode": "managed",
      "type": "google_container_node_pool",
      "name": "primary_nodes",
      "provider": "provider[\"registry.terraform.io/hashicorp/google\"]",
      "instances": [
        {
          "schema_version": 1,
          "attributes": {
            "autoscaling": [],
            "cluster": "jimenamr-cluster",
            "id": "projects/bright-benefit-457321-n8/locations/us-central1-c/clusters/jimenamr-cluster/nodePools/jimenamr-cluster-node-pool",
            "initial_node_count": 2,
            "instance_group_urls": [
              "https://www.googleapis.com/compute/v1/projects/bright-benefit-457321-n8/zones/us-central1-c/instanceGroupManagers/gke-jimenamr-cluster-jimenamr-cluster-19d12887-grp"
            ],
            "location": "us-central1-c",
            "managed_instance_group_urls": [
              "https://www.googleapis.com/compute/v1/projects/bright-benefit-457321-n8/zones/us-central1-c/instanceGroups/gke-jimenamr-cluster-jimenamr-cluster-19d12887-grp"
            ],
            "management": [
              {
                "auto_repair": true,
                "auto_upgrade": true
              }
            ],
            "max_pods_per_node": 110,
            "name": "jimenamr-cluster-node-pool",
            "name_prefix": "",
            "network_config": [
              {
                "additional_node_network_configs": [],
                "additional_pod_network_configs": [],
                "create_pod_range": false,
                "enable_private_nodes": false,
                "network_performance_config": [],
                "pod_cidr_overprovision_config": [],
                "pod_ipv4_cidr_block": "10.104.0.0/14",
                "pod_range": "gke-jimenamr-cluster-pods-9c86b9ca"
              }
            ],
            "node_config": [
              {
                "advanced_machine_features": [],
                "boot_disk_kms_key": "",
                "confidential_nodes": [],
                "containerd_config": [],
                "disk_size_gb": 20,
                "disk_type": "pd-balanced",
                "effective_taints": [],
                "enable_confidential_storage": false,
                "ephemeral_storage_local_ssd_config": [],
                "fast_socket": [],
                "gcfs_config": [],
                "guest_accelerator": [],
                "gvnic": [],
                "host_maintenance_policy": [],
                "image_type": "COS_CONTAINERD",
                "kubelet_config": [
                  {
                    "cpu_cfs_quota": false,
                    "cpu_cfs_quota_period": "",
                    "cpu_manager_policy": "",
                    "insecure_kubelet_readonly_port_enabled": "FALSE",
                    "pod_pids_limit": 0
                  }
                ],
                "labels": {},
                "linux_node_config": [],
                "local_nvme_ssd_block_config": [],
                "local_ssd_count": 0,
                "logging_variant": "DEFAULT",
                "machine_type": "e2-small",
                "metadata": {
                  "disable-legacy-endpoints": "true"
                },
                "min_cpu_platform": "",
                "node_group": "",
                "oauth_scopes": [
                  "https://www.googleapis.com/auth/cloud-platform"
                ],
                "preemptible": false,
                "reservation_affinity": [],
                "resource_labels": {
                  "goog-gke-node-pool-provisioning-model": "on-demand"
                },
                "resource_manager_tags": null,
                "secondary_boot_disks": [],
                "service_account": "default",
                "shielded_instance_config": [
                  {
                    "enable_integrity_monitoring": true,
                    "enable_secure_boot": false
                  }
                ],
                "sole_tenant_config": [],
                "spot": false,
                "storage_pools": null,
                "tags": null,
                "taint": [],
                "workload_metadata_config": []
              }
            ],
            "node_count": 2,
            "node_locations": [
              "us-central1-c"
            ],
            "operation": null,
            "placement_policy": [],
            "project": "bright-benefit-457321-n8",
            "queued_provisioning": [],
            "timeouts": null,
            "upgrade_settings": [
              {
                "blue_green_settings": [],
                "max_surge": 1,
                "max_unavailable": 0,
                "strategy": "SURGE"
              }
            ],
            "version": "1.32.2-gke.1182003"
          },
          "sensitive_attributes": [],
          "private": "eyJlMmJmYjczMC1lY2FhLTExZTYtOGY4OC0zNDM2M2JjN2M0YzAiOnsiY3JlYXRlIjoxODAwMDAwMDAwMDAwLCJkZWxldGUiOjE4MDAwMDAwMDAwMDAsInVwZGF0ZSI6MTgwMDAwMDAwMDAwMH0sInNjaGVtYV92ZXJzaW9uIjoiMSJ9",
          "dependencies": [
            "google_container_cluster.primary"
          ]
        }
      ]
    }
  ],
  "check_results": null
}
